
Microsoft Visual Studio Solution File, Format Version 12.00
# Visual Studio Version 17
VisualStudioVersion = 17.4.33110.190
MinimumVisualStudioVersion = 10.0.40219.1
Project("{FAE04EC0-301F-11D3-BF4B-00C04F79EFBC}") = "Resort_Forest_Park", "Resort_Forest_Park\Resort_Forest_Park.csproj", "{0DEB7F2B-9809-448F-9CE0-14903EDB9054}"
EndProject
Global
	GlobalSection(SolutionConfigurationPlatforms) = preSolution
		Debug|Any CPU = Debug|Any CPU
		Release|Any CPU = Release|Any CPU
	EndGlobalSection
	GlobalSection(ProjectConfigurationPlatforms) = postSolution
		{0DEB7F2B-9809-448F-9CE0-14903EDB9054}.Debug|Any CPU.ActiveCfg = Debug|Any CPU
		{0DEB7F2B-9809-448F-9CE0-14903EDB9054}.Debug|Any CPU.Build.0 = Debug|Any CPU
		{0DEB7F2B-9809-448F-9CE0-14903EDB9054}.Release|Any CPU.ActiveCfg = Release|Any CPU
		{0DEB7F2B-9809-448F-9CE0-14903EDB9054}.Release|Any CPU.Build.0 = Release|Any CPU
	EndGlobalSection
	GlobalSection(SolutionProperties) = preSolution
		HideSolutionNode = FALSE
	EndGlobalSection
	GlobalSection(ExtensibilityGlobals) = postSolution
		SolutionGuid = {B611F384-0AC6-4019-9C04-9F15BDFE8A7A}
	EndGlobalSection
EndGlobal
